
Microsoft Visual Studio Solution File, Format Version 12.00
# Visual Studio Version 16
VisualStudioVersion = 16.0.32002.261
MinimumVisualStudioVersion = 10.0.40219.1
Project("{FAE04EC0-301F-11D3-BF4B-00C04F79EFBC}") = "Northstar Manger", "Northstar Manger.csproj", "{DC20B102-3EDF-4F8A-B7B7-97D0C53F653B}"
EndProject
Global
	GlobalSection(SolutionConfigurationPlatforms) = preSolution
		Debug|Any CPU = Debug|Any CPU
		Release|Any CPU = Release|Any CPU
	EndGlobalSection
	GlobalSection(ProjectConfigurationPlatforms) = postSolution
		{DC20B102-3EDF-4F8A-B7B7-97D0C53F653B}.Debug|Any CPU.ActiveCfg = Debug|Any CPU
		{DC20B102-3EDF-4F8A-B7B7-97D0C53F653B}.Debug|Any CPU.Build.0 = Debug|Any CPU
		{DC20B102-3EDF-4F8A-B7B7-97D0C53F653B}.Release|Any CPU.ActiveCfg = Release|Any CPU
		{DC20B102-3EDF-4F8A-B7B7-97D0C53F653B}.Release|Any CPU.Build.0 = Release|Any CPU
	EndGlobalSection
	GlobalSection(SolutionProperties) = preSolution
		HideSolutionNode = FALSE
	EndGlobalSection
	GlobalSection(ExtensibilityGlobals) = postSolution
		SolutionGuid = {6907C5B3-4EC8-46AE-B5C1-0EC730D6AA79}
	EndGlobalSection
EndGlobal
