
Microsoft Visual Studio Solution File, Format Version 12.00
# Visual Studio Version 17
VisualStudioVersion = 17.0.32014.148
MinimumVisualStudioVersion = 10.0.40219.1
Project("{9A19103F-16F7-4668-BE54-9A1E7A4F7556}") = "VTOL", "VTOL.csproj", "{7C81C7A2-470D-459F-86CE-D7B242D9E163}"
EndProject
Project("{840C416C-B8F3-42BC-B0DD-F6BB14C9F8CB}") = "VTOL_Installer", "..\VTOL_Installer_2.0.0\VTOL_Installer.aiproj", "{D2444053-357B-41BD-8352-DB82BDD54419}"
EndProject
Project("{2150E333-8FDC-42A3-9474-1A3956D46DE8}") = "Solution Items", "Solution Items", "{13EA07CC-EBF5-4E3C-9C07-3666B605D67F}"
	ProjectSection(SolutionItems) = preProject
		.editorconfig = .editorconfig
	EndProjectSection
EndProject
Global
	GlobalSection(SolutionConfigurationPlatforms) = preSolution
		ActiveDirectoryBuild|Any CPU = ActiveDirectoryBuild|Any CPU
		ActiveDirectoryBuild|x64 = ActiveDirectoryBuild|x64
		All|Any CPU = All|Any CPU
		All|x64 = All|x64
		Debug|Any CPU = Debug|Any CPU
		Debug|x64 = Debug|x64
		DefaultBuild|Any CPU = DefaultBuild|Any CPU
		DefaultBuild|x64 = DefaultBuild|x64
		MsiBuild_1|Any CPU = MsiBuild_1|Any CPU
		MsiBuild_1|x64 = MsiBuild_1|x64
		MsiBuild|Any CPU = MsiBuild|Any CPU
		MsiBuild|x64 = MsiBuild|x64
		Release|Any CPU = Release|Any CPU
		Release|x64 = Release|x64
	EndGlobalSection
	GlobalSection(ProjectConfigurationPlatforms) = postSolution
		{7C81C7A2-470D-459F-86CE-D7B242D9E163}.ActiveDirectoryBuild|Any CPU.ActiveCfg = Release|Any CPU
		{7C81C7A2-470D-459F-86CE-D7B242D9E163}.ActiveDirectoryBuild|Any CPU.Build.0 = Release|Any CPU
		{7C81C7A2-470D-459F-86CE-D7B242D9E163}.ActiveDirectoryBuild|x64.ActiveCfg = Release|x64
		{7C81C7A2-470D-459F-86CE-D7B242D9E163}.ActiveDirectoryBuild|x64.Build.0 = Release|x64
		{7C81C7A2-470D-459F-86CE-D7B242D9E163}.All|Any CPU.ActiveCfg = Release|Any CPU
		{7C81C7A2-470D-459F-86CE-D7B242D9E163}.All|Any CPU.Build.0 = Release|Any CPU
		{7C81C7A2-470D-459F-86CE-D7B242D9E163}.All|x64.ActiveCfg = Release|x64
		{7C81C7A2-470D-459F-86CE-D7B242D9E163}.All|x64.Build.0 = Release|x64
		{7C81C7A2-470D-459F-86CE-D7B242D9E163}.Debug|Any CPU.ActiveCfg = Debug|Any CPU
		{7C81C7A2-470D-459F-86CE-D7B242D9E163}.Debug|Any CPU.Build.0 = Debug|Any CPU
		{7C81C7A2-470D-459F-86CE-D7B242D9E163}.Debug|x64.ActiveCfg = Debug|x64
		{7C81C7A2-470D-459F-86CE-D7B242D9E163}.Debug|x64.Build.0 = Debug|x64
		{7C81C7A2-470D-459F-86CE-D7B242D9E163}.DefaultBuild|Any CPU.ActiveCfg = Debug|Any CPU
		{7C81C7A2-470D-459F-86CE-D7B242D9E163}.DefaultBuild|Any CPU.Build.0 = Debug|Any CPU
		{7C81C7A2-470D-459F-86CE-D7B242D9E163}.DefaultBuild|x64.ActiveCfg = Debug|x64
		{7C81C7A2-470D-459F-86CE-D7B242D9E163}.DefaultBuild|x64.Build.0 = Debug|x64
		{7C81C7A2-470D-459F-86CE-D7B242D9E163}.MsiBuild_1|Any CPU.ActiveCfg = Release|Any CPU
		{7C81C7A2-470D-459F-86CE-D7B242D9E163}.MsiBuild_1|Any CPU.Build.0 = Release|Any CPU
		{7C81C7A2-470D-459F-86CE-D7B242D9E163}.MsiBuild_1|x64.ActiveCfg = Release|x64
		{7C81C7A2-470D-459F-86CE-D7B242D9E163}.MsiBuild_1|x64.Build.0 = Release|x64
		{7C81C7A2-470D-459F-86CE-D7B242D9E163}.MsiBuild|Any CPU.ActiveCfg = Release|Any CPU
		{7C81C7A2-470D-459F-86CE-D7B242D9E163}.MsiBuild|Any CPU.Build.0 = Release|Any CPU
		{7C81C7A2-470D-459F-86CE-D7B242D9E163}.MsiBuild|x64.ActiveCfg = Release|x64
		{7C81C7A2-470D-459F-86CE-D7B242D9E163}.MsiBuild|x64.Build.0 = Release|x64
		{7C81C7A2-470D-459F-86CE-D7B242D9E163}.Release|Any CPU.ActiveCfg = Release|Any CPU
		{7C81C7A2-470D-459F-86CE-D7B242D9E163}.Release|Any CPU.Build.0 = Release|Any CPU
		{7C81C7A2-470D-459F-86CE-D7B242D9E163}.Release|x64.ActiveCfg = Release|x64
		{7C81C7A2-470D-459F-86CE-D7B242D9E163}.Release|x64.Build.0 = Release|x64
		{D2444053-357B-41BD-8352-DB82BDD54419}.ActiveDirectoryBuild|Any CPU.ActiveCfg = ActiveDirectoryBuild
		{D2444053-357B-41BD-8352-DB82BDD54419}.ActiveDirectoryBuild|Any CPU.Build.0 = ActiveDirectoryBuild
		{D2444053-357B-41BD-8352-DB82BDD54419}.ActiveDirectoryBuild|x64.ActiveCfg = ActiveDirectoryBuild
		{D2444053-357B-41BD-8352-DB82BDD54419}.ActiveDirectoryBuild|x64.Build.0 = ActiveDirectoryBuild
		{D2444053-357B-41BD-8352-DB82BDD54419}.All|Any CPU.ActiveCfg = All
		{D2444053-357B-41BD-8352-DB82BDD54419}.All|Any CPU.Build.0 = All
		{D2444053-357B-41BD-8352-DB82BDD54419}.All|x64.ActiveCfg = All
		{D2444053-357B-41BD-8352-DB82BDD54419}.All|x64.Build.0 = All
		{D2444053-357B-41BD-8352-DB82BDD54419}.Debug|Any CPU.ActiveCfg = DefaultBuild
		{D2444053-357B-41BD-8352-DB82BDD54419}.Debug|Any CPU.Build.0 = DefaultBuild
		{D2444053-357B-41BD-8352-DB82BDD54419}.Debug|x64.ActiveCfg = DefaultBuild
		{D2444053-357B-41BD-8352-DB82BDD54419}.Debug|x64.Build.0 = DefaultBuild
		{D2444053-357B-41BD-8352-DB82BDD54419}.DefaultBuild|Any CPU.ActiveCfg = DefaultBuild
		{D2444053-357B-41BD-8352-DB82BDD54419}.DefaultBuild|Any CPU.Build.0 = DefaultBuild
		{D2444053-357B-41BD-8352-DB82BDD54419}.DefaultBuild|x64.ActiveCfg = DefaultBuild
		{D2444053-357B-41BD-8352-DB82BDD54419}.DefaultBuild|x64.Build.0 = DefaultBuild
		{D2444053-357B-41BD-8352-DB82BDD54419}.MsiBuild_1|Any CPU.ActiveCfg = MsiBuild_1
		{D2444053-357B-41BD-8352-DB82BDD54419}.MsiBuild_1|Any CPU.Build.0 = MsiBuild_1
		{D2444053-357B-41BD-8352-DB82BDD54419}.MsiBuild_1|x64.ActiveCfg = MsiBuild_1
		{D2444053-357B-41BD-8352-DB82BDD54419}.MsiBuild_1|x64.Build.0 = MsiBuild_1
		{D2444053-357B-41BD-8352-DB82BDD54419}.MsiBuild|Any CPU.ActiveCfg = MsiBuild
		{D2444053-357B-41BD-8352-DB82BDD54419}.MsiBuild|Any CPU.Build.0 = MsiBuild
		{D2444053-357B-41BD-8352-DB82BDD54419}.MsiBuild|x64.ActiveCfg = MsiBuild
		{D2444053-357B-41BD-8352-DB82BDD54419}.MsiBuild|x64.Build.0 = MsiBuild
		{D2444053-357B-41BD-8352-DB82BDD54419}.Release|Any CPU.ActiveCfg = DefaultBuild
		{D2444053-357B-41BD-8352-DB82BDD54419}.Release|Any CPU.Build.0 = DefaultBuild
		{D2444053-357B-41BD-8352-DB82BDD54419}.Release|x64.ActiveCfg = DefaultBuild
		{D2444053-357B-41BD-8352-DB82BDD54419}.Release|x64.Build.0 = DefaultBuild
	EndGlobalSection
	GlobalSection(SolutionProperties) = preSolution
		HideSolutionNode = FALSE
	EndGlobalSection
	GlobalSection(ExtensibilityGlobals) = postSolution
		RESX_ConfirmAddLanguageFile = True
		RESX_AutoCreateNewLanguageFiles = True
		RESX_SortFileContentOnSave = False
		SolutionGuid = {1862E3F8-0CCC-449D-BE89-3988BDA1CEC8}
		RESX_PrefixFieldType = Both
	EndGlobalSection
EndGlobal
