
Microsoft Visual Studio Solution File, Format Version 12.00
# Visual Studio Version 17
VisualStudioVersion = 17.11.35222.181
MinimumVisualStudioVersion = 10.0.40219.1
Project("{FAE04EC0-301F-11D3-BF4B-00C04F79EFBC}") = "VTOL_C", "VTOL_C.csproj", "{2DB44B58-8F8B-4C47-8149-0530DB125E01}"
EndProject
Global
	GlobalSection(SolutionConfigurationPlatforms) = preSolution
		Debug|Any CPU = Debug|Any CPU
		Release|Any CPU = Release|Any CPU
	EndGlobalSection
	GlobalSection(ProjectConfigurationPlatforms) = postSolution
		{2DB44B58-8F8B-4C47-8149-0530DB125E01}.Debug|Any CPU.ActiveCfg = Debug|Any CPU
		{2DB44B58-8F8B-4C47-8149-0530DB125E01}.Debug|Any CPU.Build.0 = Debug|Any CPU
		{2DB44B58-8F8B-4C47-8149-0530DB125E01}.Release|Any CPU.ActiveCfg = Release|Any CPU
		{2DB44B58-8F8B-4C47-8149-0530DB125E01}.Release|Any CPU.Build.0 = Release|Any CPU
	EndGlobalSection
	GlobalSection(SolutionProperties) = preSolution
		HideSolutionNode = FALSE
	EndGlobalSection
	GlobalSection(ExtensibilityGlobals) = postSolution
		SolutionGuid = {499C7586-DE11-4970-ADF3-3CE7FCE9162C}
	EndGlobalSection
EndGlobal
