
Microsoft Visual Studio Solution File, Format Version 12.00
# Visual Studio Version 17
VisualStudioVersion = 17.0.32014.148
MinimumVisualStudioVersion = 10.0.40219.1
Project("{9A19103F-16F7-4668-BE54-9A1E7A4F7556}") = "VTOL", "VTOL.csproj", "{7C81C7A2-470D-459F-86CE-D7B242D9E163}"
EndProject
Project("{2150E333-8FDC-42A3-9474-1A3956D46DE8}") = "Solution Items", "Solution Items", "{13EA07CC-EBF5-4E3C-9C07-3666B605D67F}"
	ProjectSection(SolutionItems) = preProject
		.editorconfig = .editorconfig
	EndProjectSection
EndProject
Project("{840C416C-B8F3-42BC-B0DD-F6BB14C9F8CB}") = "VTOL_Installer", "..\VTOL_Installer\VTOL_Installer.aiproj", "{62A6F658-4928-4B6E-A78E-EC5932C7D556}"
EndProject
Global
	GlobalSection(SolutionConfigurationPlatforms) = preSolution
		ActiveDirectoryBuild|Any CPU = ActiveDirectoryBuild|Any CPU
		ActiveDirectoryBuild|x64 = ActiveDirectoryBuild|x64
		ActiveDirectoryBuild|x86 = ActiveDirectoryBuild|x86
		All|Any CPU = All|Any CPU
		All|x64 = All|x64
		All|x86 = All|x86
		Debug|Any CPU = Debug|Any CPU
		Debug|x64 = Debug|x64
		Debug|x86 = Debug|x86
		DefaultBuild|Any CPU = DefaultBuild|Any CPU
		DefaultBuild|x64 = DefaultBuild|x64
		DefaultBuild|x86 = DefaultBuild|x86
		MsiBuild_1|Any CPU = MsiBuild_1|Any CPU
		MsiBuild_1|x64 = MsiBuild_1|x64
		MsiBuild_1|x86 = MsiBuild_1|x86
		MsiBuild|Any CPU = MsiBuild|Any CPU
		MsiBuild|x64 = MsiBuild|x64
		MsiBuild|x86 = MsiBuild|x86
		Release|Any CPU = Release|Any CPU
		Release|x64 = Release|x64
		Release|x86 = Release|x86
	EndGlobalSection
	GlobalSection(ProjectConfigurationPlatforms) = postSolution
		{7C81C7A2-470D-459F-86CE-D7B242D9E163}.ActiveDirectoryBuild|Any CPU.ActiveCfg = Release|Any CPU
		{7C81C7A2-470D-459F-86CE-D7B242D9E163}.ActiveDirectoryBuild|Any CPU.Build.0 = Release|Any CPU
		{7C81C7A2-470D-459F-86CE-D7B242D9E163}.ActiveDirectoryBuild|x64.ActiveCfg = Release|x64
		{7C81C7A2-470D-459F-86CE-D7B242D9E163}.ActiveDirectoryBuild|x64.Build.0 = Release|x64
		{7C81C7A2-470D-459F-86CE-D7B242D9E163}.ActiveDirectoryBuild|x86.ActiveCfg = Debug|x86
		{7C81C7A2-470D-459F-86CE-D7B242D9E163}.ActiveDirectoryBuild|x86.Build.0 = Debug|x86
		{7C81C7A2-470D-459F-86CE-D7B242D9E163}.All|Any CPU.ActiveCfg = Release|Any CPU
		{7C81C7A2-470D-459F-86CE-D7B242D9E163}.All|Any CPU.Build.0 = Release|Any CPU
		{7C81C7A2-470D-459F-86CE-D7B242D9E163}.All|x64.ActiveCfg = Release|x64
		{7C81C7A2-470D-459F-86CE-D7B242D9E163}.All|x64.Build.0 = Release|x64
		{7C81C7A2-470D-459F-86CE-D7B242D9E163}.All|x86.ActiveCfg = Debug|x86
		{7C81C7A2-470D-459F-86CE-D7B242D9E163}.All|x86.Build.0 = Debug|x86
		{7C81C7A2-470D-459F-86CE-D7B242D9E163}.Debug|Any CPU.ActiveCfg = Debug|Any CPU
		{7C81C7A2-470D-459F-86CE-D7B242D9E163}.Debug|Any CPU.Build.0 = Debug|Any CPU
		{7C81C7A2-470D-459F-86CE-D7B242D9E163}.Debug|x64.ActiveCfg = Debug|x64
		{7C81C7A2-470D-459F-86CE-D7B242D9E163}.Debug|x64.Build.0 = Debug|x64
		{7C81C7A2-470D-459F-86CE-D7B242D9E163}.Debug|x86.ActiveCfg = Debug|x86
		{7C81C7A2-470D-459F-86CE-D7B242D9E163}.Debug|x86.Build.0 = Debug|x86
		{7C81C7A2-470D-459F-86CE-D7B242D9E163}.DefaultBuild|Any CPU.ActiveCfg = Debug|Any CPU
		{7C81C7A2-470D-459F-86CE-D7B242D9E163}.DefaultBuild|Any CPU.Build.0 = Debug|Any CPU
		{7C81C7A2-470D-459F-86CE-D7B242D9E163}.DefaultBuild|x64.ActiveCfg = Debug|x64
		{7C81C7A2-470D-459F-86CE-D7B242D9E163}.DefaultBuild|x64.Build.0 = Debug|x64
		{7C81C7A2-470D-459F-86CE-D7B242D9E163}.DefaultBuild|x86.ActiveCfg = Debug|x86
		{7C81C7A2-470D-459F-86CE-D7B242D9E163}.DefaultBuild|x86.Build.0 = Debug|x86
		{7C81C7A2-470D-459F-86CE-D7B242D9E163}.MsiBuild_1|Any CPU.ActiveCfg = Release|Any CPU
		{7C81C7A2-470D-459F-86CE-D7B242D9E163}.MsiBuild_1|Any CPU.Build.0 = Release|Any CPU
		{7C81C7A2-470D-459F-86CE-D7B242D9E163}.MsiBuild_1|x64.ActiveCfg = Release|x64
		{7C81C7A2-470D-459F-86CE-D7B242D9E163}.MsiBuild_1|x64.Build.0 = Release|x64
		{7C81C7A2-470D-459F-86CE-D7B242D9E163}.MsiBuild_1|x86.ActiveCfg = Debug|x86
		{7C81C7A2-470D-459F-86CE-D7B242D9E163}.MsiBuild_1|x86.Build.0 = Debug|x86
		{7C81C7A2-470D-459F-86CE-D7B242D9E163}.MsiBuild|Any CPU.ActiveCfg = Release|Any CPU
		{7C81C7A2-470D-459F-86CE-D7B242D9E163}.MsiBuild|Any CPU.Build.0 = Release|Any CPU
		{7C81C7A2-470D-459F-86CE-D7B242D9E163}.MsiBuild|x64.ActiveCfg = Release|x64
		{7C81C7A2-470D-459F-86CE-D7B242D9E163}.MsiBuild|x64.Build.0 = Release|x64
		{7C81C7A2-470D-459F-86CE-D7B242D9E163}.MsiBuild|x86.ActiveCfg = Debug|x86
		{7C81C7A2-470D-459F-86CE-D7B242D9E163}.MsiBuild|x86.Build.0 = Debug|x86
		{7C81C7A2-470D-459F-86CE-D7B242D9E163}.Release|Any CPU.ActiveCfg = Release|Any CPU
		{7C81C7A2-470D-459F-86CE-D7B242D9E163}.Release|Any CPU.Build.0 = Release|Any CPU
		{7C81C7A2-470D-459F-86CE-D7B242D9E163}.Release|x64.ActiveCfg = Release|x64
		{7C81C7A2-470D-459F-86CE-D7B242D9E163}.Release|x64.Build.0 = Release|x64
		{7C81C7A2-470D-459F-86CE-D7B242D9E163}.Release|x86.ActiveCfg = Release|x86
		{7C81C7A2-470D-459F-86CE-D7B242D9E163}.Release|x86.Build.0 = Release|x86
		{62A6F658-4928-4B6E-A78E-EC5932C7D556}.ActiveDirectoryBuild|Any CPU.ActiveCfg = DefaultBuild
		{62A6F658-4928-4B6E-A78E-EC5932C7D556}.ActiveDirectoryBuild|Any CPU.Build.0 = DefaultBuild
		{62A6F658-4928-4B6E-A78E-EC5932C7D556}.ActiveDirectoryBuild|x64.ActiveCfg = DefaultBuild
		{62A6F658-4928-4B6E-A78E-EC5932C7D556}.ActiveDirectoryBuild|x64.Build.0 = DefaultBuild
		{62A6F658-4928-4B6E-A78E-EC5932C7D556}.ActiveDirectoryBuild|x86.ActiveCfg = DefaultBuild
		{62A6F658-4928-4B6E-A78E-EC5932C7D556}.ActiveDirectoryBuild|x86.Build.0 = DefaultBuild
		{62A6F658-4928-4B6E-A78E-EC5932C7D556}.All|Any CPU.ActiveCfg = DefaultBuild
		{62A6F658-4928-4B6E-A78E-EC5932C7D556}.All|Any CPU.Build.0 = DefaultBuild
		{62A6F658-4928-4B6E-A78E-EC5932C7D556}.All|x64.ActiveCfg = DefaultBuild
		{62A6F658-4928-4B6E-A78E-EC5932C7D556}.All|x64.Build.0 = DefaultBuild
		{62A6F658-4928-4B6E-A78E-EC5932C7D556}.All|x86.ActiveCfg = DefaultBuild
		{62A6F658-4928-4B6E-A78E-EC5932C7D556}.All|x86.Build.0 = DefaultBuild
		{62A6F658-4928-4B6E-A78E-EC5932C7D556}.Debug|Any CPU.ActiveCfg = DefaultBuild
		{62A6F658-4928-4B6E-A78E-EC5932C7D556}.Debug|Any CPU.Build.0 = DefaultBuild
		{62A6F658-4928-4B6E-A78E-EC5932C7D556}.Debug|x64.ActiveCfg = DefaultBuild
		{62A6F658-4928-4B6E-A78E-EC5932C7D556}.Debug|x64.Build.0 = DefaultBuild
		{62A6F658-4928-4B6E-A78E-EC5932C7D556}.Debug|x86.ActiveCfg = DefaultBuild
		{62A6F658-4928-4B6E-A78E-EC5932C7D556}.Debug|x86.Build.0 = DefaultBuild
		{62A6F658-4928-4B6E-A78E-EC5932C7D556}.DefaultBuild|Any CPU.ActiveCfg = DefaultBuild
		{62A6F658-4928-4B6E-A78E-EC5932C7D556}.DefaultBuild|Any CPU.Build.0 = DefaultBuild
		{62A6F658-4928-4B6E-A78E-EC5932C7D556}.DefaultBuild|x64.ActiveCfg = DefaultBuild
		{62A6F658-4928-4B6E-A78E-EC5932C7D556}.DefaultBuild|x64.Build.0 = DefaultBuild
		{62A6F658-4928-4B6E-A78E-EC5932C7D556}.DefaultBuild|x86.ActiveCfg = DefaultBuild
		{62A6F658-4928-4B6E-A78E-EC5932C7D556}.DefaultBuild|x86.Build.0 = DefaultBuild
		{62A6F658-4928-4B6E-A78E-EC5932C7D556}.MsiBuild_1|Any CPU.ActiveCfg = DefaultBuild
		{62A6F658-4928-4B6E-A78E-EC5932C7D556}.MsiBuild_1|Any CPU.Build.0 = DefaultBuild
		{62A6F658-4928-4B6E-A78E-EC5932C7D556}.MsiBuild_1|x64.ActiveCfg = DefaultBuild
		{62A6F658-4928-4B6E-A78E-EC5932C7D556}.MsiBuild_1|x64.Build.0 = DefaultBuild
		{62A6F658-4928-4B6E-A78E-EC5932C7D556}.MsiBuild_1|x86.ActiveCfg = DefaultBuild
		{62A6F658-4928-4B6E-A78E-EC5932C7D556}.MsiBuild_1|x86.Build.0 = DefaultBuild
		{62A6F658-4928-4B6E-A78E-EC5932C7D556}.MsiBuild|Any CPU.ActiveCfg = DefaultBuild
		{62A6F658-4928-4B6E-A78E-EC5932C7D556}.MsiBuild|Any CPU.Build.0 = DefaultBuild
		{62A6F658-4928-4B6E-A78E-EC5932C7D556}.MsiBuild|x64.ActiveCfg = DefaultBuild
		{62A6F658-4928-4B6E-A78E-EC5932C7D556}.MsiBuild|x64.Build.0 = DefaultBuild
		{62A6F658-4928-4B6E-A78E-EC5932C7D556}.MsiBuild|x86.ActiveCfg = DefaultBuild
		{62A6F658-4928-4B6E-A78E-EC5932C7D556}.MsiBuild|x86.Build.0 = DefaultBuild
		{62A6F658-4928-4B6E-A78E-EC5932C7D556}.Release|Any CPU.ActiveCfg = DefaultBuild
		{62A6F658-4928-4B6E-A78E-EC5932C7D556}.Release|Any CPU.Build.0 = DefaultBuild
		{62A6F658-4928-4B6E-A78E-EC5932C7D556}.Release|x64.ActiveCfg = DefaultBuild
		{62A6F658-4928-4B6E-A78E-EC5932C7D556}.Release|x64.Build.0 = DefaultBuild
		{62A6F658-4928-4B6E-A78E-EC5932C7D556}.Release|x86.ActiveCfg = DefaultBuild
		{62A6F658-4928-4B6E-A78E-EC5932C7D556}.Release|x86.Build.0 = DefaultBuild
	EndGlobalSection
	GlobalSection(SolutionProperties) = preSolution
		HideSolutionNode = FALSE
	EndGlobalSection
	GlobalSection(ExtensibilityGlobals) = postSolution
		RESX_ConfirmAddLanguageFile = True
		RESX_AutoCreateNewLanguageFiles = True
		RESX_SortFileContentOnSave = False
		SolutionGuid = {1862E3F8-0CCC-449D-BE89-3988BDA1CEC8}
		RESX_PrefixFieldType = Both
	EndGlobalSection
EndGlobal
