
Microsoft Visual Studio Solution File, Format Version 12.00
# Visual Studio Version 17
VisualStudioVersion = 17.0.32014.148
MinimumVisualStudioVersion = 10.0.40219.1
Project("{9A19103F-16F7-4668-BE54-9A1E7A4F7556}") = "VTOL", "VTOL.csproj", "{A020596B-A11F-4522-98D3-BFD5703E887D}"
EndProject
Project("{840C416C-B8F3-42BC-B0DD-F6BB14C9F8CB}") = "VTOL_Installer", "..\VTOL_Installer\VTOL_Installer.aiproj", "{D2444053-357B-41BD-8352-DB82BDD54419}"
EndProject
Project("{2150E333-8FDC-42A3-9474-1A3956D46DE8}") = "Solution Items", "Solution Items", "{ECB1F7A1-D6BE-49E8-AD14-F8F7C6D8970F}"
	ProjectSection(SolutionItems) = preProject
		.editorconfig = .editorconfig
	EndProjectSection
EndProject
Global
	GlobalSection(SolutionConfigurationPlatforms) = preSolution
		All|Any CPU = All|Any CPU
		All|x64 = All|x64
		All|x86 = All|x86
		Debug|Any CPU = Debug|Any CPU
		Debug|x64 = Debug|x64
		Debug|x86 = Debug|x86
		Release|Any CPU = Release|Any CPU
		Release|x64 = Release|x64
		Release|x86 = Release|x86
	EndGlobalSection
	GlobalSection(ProjectConfigurationPlatforms) = postSolution
		{A020596B-A11F-4522-98D3-BFD5703E887D}.All|Any CPU.ActiveCfg = Release|Any CPU
		{A020596B-A11F-4522-98D3-BFD5703E887D}.All|Any CPU.Build.0 = Release|Any CPU
		{A020596B-A11F-4522-98D3-BFD5703E887D}.All|x64.ActiveCfg = Debug|x64
		{A020596B-A11F-4522-98D3-BFD5703E887D}.All|x64.Build.0 = Debug|x64
		{A020596B-A11F-4522-98D3-BFD5703E887D}.All|x86.ActiveCfg = Debug|x86
		{A020596B-A11F-4522-98D3-BFD5703E887D}.All|x86.Build.0 = Debug|x86
		{A020596B-A11F-4522-98D3-BFD5703E887D}.Debug|Any CPU.ActiveCfg = Debug|Any CPU
		{A020596B-A11F-4522-98D3-BFD5703E887D}.Debug|Any CPU.Build.0 = Debug|Any CPU
		{A020596B-A11F-4522-98D3-BFD5703E887D}.Debug|x64.ActiveCfg = Debug|x64
		{A020596B-A11F-4522-98D3-BFD5703E887D}.Debug|x64.Build.0 = Debug|x64
		{A020596B-A11F-4522-98D3-BFD5703E887D}.Debug|x86.ActiveCfg = Debug|x86
		{A020596B-A11F-4522-98D3-BFD5703E887D}.Debug|x86.Build.0 = Debug|x86
		{A020596B-A11F-4522-98D3-BFD5703E887D}.Release|Any CPU.ActiveCfg = Release|Any CPU
		{A020596B-A11F-4522-98D3-BFD5703E887D}.Release|Any CPU.Build.0 = Release|Any CPU
		{A020596B-A11F-4522-98D3-BFD5703E887D}.Release|x64.ActiveCfg = Release|Any CPU
		{A020596B-A11F-4522-98D3-BFD5703E887D}.Release|x64.Build.0 = Release|Any CPU
		{A020596B-A11F-4522-98D3-BFD5703E887D}.Release|x86.ActiveCfg = Release|Any CPU
		{A020596B-A11F-4522-98D3-BFD5703E887D}.Release|x86.Build.0 = Release|Any CPU
		{D2444053-357B-41BD-8352-DB82BDD54419}.All|Any CPU.ActiveCfg = DefaultBuild
		{D2444053-357B-41BD-8352-DB82BDD54419}.All|x64.ActiveCfg = All
		{D2444053-357B-41BD-8352-DB82BDD54419}.All|x64.Build.0 = All
		{D2444053-357B-41BD-8352-DB82BDD54419}.All|x86.ActiveCfg = All
		{D2444053-357B-41BD-8352-DB82BDD54419}.All|x86.Build.0 = All
		{D2444053-357B-41BD-8352-DB82BDD54419}.Debug|Any CPU.ActiveCfg = DefaultBuild
		{D2444053-357B-41BD-8352-DB82BDD54419}.Debug|x64.ActiveCfg = DefaultBuild
		{D2444053-357B-41BD-8352-DB82BDD54419}.Debug|x64.Build.0 = DefaultBuild
		{D2444053-357B-41BD-8352-DB82BDD54419}.Debug|x86.ActiveCfg = DefaultBuild
		{D2444053-357B-41BD-8352-DB82BDD54419}.Debug|x86.Build.0 = DefaultBuild
		{D2444053-357B-41BD-8352-DB82BDD54419}.Release|Any CPU.ActiveCfg = DefaultBuild
		{D2444053-357B-41BD-8352-DB82BDD54419}.Release|x64.ActiveCfg = All
		{D2444053-357B-41BD-8352-DB82BDD54419}.Release|x64.Build.0 = All
		{D2444053-357B-41BD-8352-DB82BDD54419}.Release|x86.ActiveCfg = All
		{D2444053-357B-41BD-8352-DB82BDD54419}.Release|x86.Build.0 = All
	EndGlobalSection
	GlobalSection(SolutionProperties) = preSolution
		HideSolutionNode = FALSE
	EndGlobalSection
	GlobalSection(ExtensibilityGlobals) = postSolution
		SolutionGuid = {C62E0BC1-56AE-4025-8068-0297A9F8BB5D}
	EndGlobalSection
EndGlobal
